# @generated by Move, please check-in and do not edit manually.

[move]
version = 3
manifest_digest = "3F5CFAEECBB522181181E5637142A854BB10412929B15C8EE2F9D9A8B0C32A89"
deps_digest = "F8BBB0CCB2491CA29A3DF03D6F92277A4F3574266507ACD77214D37ECA3F3082"
dependencies = [
  { id = "One", name = "One" },
]

[[move.package]]
id = "MoveStdlib"
source = { git = "https://github.com/one-chain-labs/onechain.git", rev = "v1.0.1", subdir = "crates/sui-framework/packages/move-stdlib" }

[[move.package]]
id = "One"
source = { git = "https://github.com/one-chain-labs/onechain.git", rev = "v1.0.1", subdir = "crates/sui-framework/packages/one-framework" }

dependencies = [
  { id = "MoveStdlib", name = "MoveStdlib" },
]

[move.toolchain-version]
compiler-version = "1.1.1"
edition = "legacy"
flavor = "one"

[env]

[env.testnet]
chain-id = "1bd5c965"
original-published-id = "0x8e85a14d396a17f396af72577e44e579e761b988a66477219cecb4577c417c31"
latest-published-id = "0x8e85a14d396a17f396af72577e44e579e761b988a66477219cecb4577c417c31"
published-version = "1"
